
Microsoft Visual Studio Solution File, Format Version 12.00
# Visual Studio Version 17
VisualStudioVersion = 17.4.33122.133
MinimumVisualStudioVersion = 10.0.40219.1
Project("{2150E333-8FDC-42A3-9474-1A3956D46DE8}") = "src", "src", "{7218F293-7E90-46C1-8996-756F7F6A05DE}"
EndProject
Project("{2150E333-8FDC-42A3-9474-1A3956D46DE8}") = "tests", "tests", "{BC5A0D96-73DE-4680-AA00-97045110265B}"
EndProject
Project("{9A19103F-16F7-4668-BE54-9A1E7A4F7556}") = "API..Integration.Tests", "tests\API..Integration.Tests\API..Integration.Tests.csproj", "{C558AC1F-3AE0-4F01-91F7-A61CFC946170}"
EndProject
Project("{9A19103F-16F7-4668-BE54-9A1E7A4F7556}") = "API", "src\API\API.csproj", "{4DFB8865-34B8-47E3-ACD4-5D40B22E74DA}"
EndProject
Global
	GlobalSection(SolutionConfigurationPlatforms) = preSolution
		Debug|Any CPU = Debug|Any CPU
		Release|Any CPU = Release|Any CPU
	EndGlobalSection
	GlobalSection(ProjectConfigurationPlatforms) = postSolution
		{C558AC1F-3AE0-4F01-91F7-A61CFC946170}.Debug|Any CPU.ActiveCfg = Debug|Any CPU
		{C558AC1F-3AE0-4F01-91F7-A61CFC946170}.Debug|Any CPU.Build.0 = Debug|Any CPU
		{C558AC1F-3AE0-4F01-91F7-A61CFC946170}.Release|Any CPU.ActiveCfg = Release|Any CPU
		{C558AC1F-3AE0-4F01-91F7-A61CFC946170}.Release|Any CPU.Build.0 = Release|Any CPU
		{4DFB8865-34B8-47E3-ACD4-5D40B22E74DA}.Debug|Any CPU.ActiveCfg = Debug|Any CPU
		{4DFB8865-34B8-47E3-ACD4-5D40B22E74DA}.Debug|Any CPU.Build.0 = Debug|Any CPU
		{4DFB8865-34B8-47E3-ACD4-5D40B22E74DA}.Release|Any CPU.ActiveCfg = Release|Any CPU
		{4DFB8865-34B8-47E3-ACD4-5D40B22E74DA}.Release|Any CPU.Build.0 = Release|Any CPU
	EndGlobalSection
	GlobalSection(SolutionProperties) = preSolution
		HideSolutionNode = FALSE
	EndGlobalSection
	GlobalSection(NestedProjects) = preSolution
		{C558AC1F-3AE0-4F01-91F7-A61CFC946170} = {BC5A0D96-73DE-4680-AA00-97045110265B}
		{4DFB8865-34B8-47E3-ACD4-5D40B22E74DA} = {7218F293-7E90-46C1-8996-756F7F6A05DE}
	EndGlobalSection
	GlobalSection(ExtensibilityGlobals) = postSolution
		SolutionGuid = {428D7BE3-DB0E-43AA-B283-0C87DCCFECDF}
	EndGlobalSection
EndGlobal
